
Microsoft Visual Studio Solution File, Format Version 12.00
# Visual Studio 15
VisualStudioVersion = 15.0.27130.2027
MinimumVisualStudioVersion = 10.0.40219.1
Project("{FAE04EC0-301F-11D3-BF4B-00C04F79EFBC}") = "DisrupterNetTest", "DisrupterNetTest\DisrupterNetTest.csproj", "{A7B2FA0E-7D53-4E78-A210-36BC10217C19}"
EndProject
Global
	GlobalSection(SolutionConfigurationPlatforms) = preSolution
		Debug|Any CPU = Debug|Any CPU
		Release|Any CPU = Release|Any CPU
	EndGlobalSection
	GlobalSection(ProjectConfigurationPlatforms) = postSolution
		{A7B2FA0E-7D53-4E78-A210-36BC10217C19}.Debug|Any CPU.ActiveCfg = Debug|Any CPU
		{A7B2FA0E-7D53-4E78-A210-36BC10217C19}.Debug|Any CPU.Build.0 = Debug|Any CPU
		{A7B2FA0E-7D53-4E78-A210-36BC10217C19}.Release|Any CPU.ActiveCfg = Release|Any CPU
		{A7B2FA0E-7D53-4E78-A210-36BC10217C19}.Release|Any CPU.Build.0 = Release|Any CPU
	EndGlobalSection
	GlobalSection(SolutionProperties) = preSolution
		HideSolutionNode = FALSE
	EndGlobalSection
	GlobalSection(ExtensibilityGlobals) = postSolution
		SolutionGuid = {61F41F35-0847-4C67-B0B3-6DC9B8F7B652}
	EndGlobalSection
EndGlobal
